{
    "name": "tech-chat",
    "version": "0.1.2",
    "lockfileVersion": 2,
    "requires": true,
    "packages": {
        "": {
            "name": "tech-chat",
            "version": "0.1.2",
            "dependencies": {
                "idb": "^7.0.1",
                "jquery": "^3.6.0",
                "requirejs": "^2.3.6",
                "sse": "^0.0.8",
                "typescript": "^4.6.3"
            },
            "devDependencies": {
                "@tsconfig/esm": "^1.0.0",
                "@types/jquery": "^3.5.14"
            }
        },
        "node_modules/@tsconfig/esm": {
            "version": "1.0.0",
            "resolved": "https://registry.npmjs.org/@tsconfig/esm/-/esm-1.0.0.tgz",
            "integrity": "sha512-vrMQ/cCJ4YBj1iAdbh4Pmaw2aEdwwyjhM8KA9wOjHsm+aPvCnV2/rYY6zzpOW6UuYrrmZBRjIO75/X+e0CXZ5w==",
            "dev": true
        },
        "node_modules/@types/jquery": {
            "version": "3.5.14",
            "resolved": "https://registry.npmjs.org/@types/jquery/-/jquery-3.5.14.tgz",
            "integrity": "sha512-X1gtMRMbziVQkErhTQmSe2jFwwENA/Zr+PprCkF63vFq+Yt5PZ4AlKqgmeNlwgn7dhsXEK888eIW2520EpC+xg==",
            "dev": true,
            "dependencies": {
                "@types/sizzle": "*"
            }
        },
        "node_modules/@types/sizzle": {
            "version": "2.3.3",
            "resolved": "https://registry.npmjs.org/@types/sizzle/-/sizzle-2.3.3.tgz",
            "integrity": "sha512-JYM8x9EGF163bEyhdJBpR2QX1R5naCJHC8ucJylJ3w9/CVBaskdQ8WqBf8MmQrd1kRvp/a4TS8HJ+bxzR7ZJYQ==",
            "dev": true
        },
        "node_modules/idb": {
            "version": "7.0.1",
            "resolved": "https://registry.npmjs.org/idb/-/idb-7.0.1.tgz",
            "integrity": "sha512-UUxlE7vGWK5RfB/fDwEGgRf84DY/ieqNha6msMV99UsEMQhJ1RwbCd8AYBj3QMgnE3VZnfQvm4oKVCJTYlqIgg=="
        },
        "node_modules/jquery": {
            "version": "3.6.0",
            "resolved": "https://registry.npmjs.org/jquery/-/jquery-3.6.0.tgz",
            "integrity": "sha512-JVzAR/AjBvVt2BmYhxRCSYysDsPcssdmTFnzyLEts9qNwmjmu4JTAMYubEfwVOSwpQ1I1sKKFcxhZCI2buerfw=="
        },
        "node_modules/options": {
            "version": "0.0.6",
            "resolved": "https://registry.npmjs.org/options/-/options-0.0.6.tgz",
            "integrity": "sha1-7CLTEoBrtT5zF3Pnza788cZDEo8=",
            "engines": {
                "node": ">=0.4.0"
            }
        },
        "node_modules/requirejs": {
            "version": "2.3.6",
            "resolved": "https://registry.npmjs.org/requirejs/-/requirejs-2.3.6.tgz",
            "integrity": "sha512-ipEzlWQe6RK3jkzikgCupiTbTvm4S0/CAU5GlgptkN5SO6F3u0UD0K18wy6ErDqiCyP4J4YYe1HuAShvsxePLg==",
            "bin": {
                "r_js": "bin/r.js",
                "r.js": "bin/r.js"
            },
            "engines": {
                "node": ">=0.4.0"
            }
        },
        "node_modules/sse": {
            "version": "0.0.8",
            "resolved": "https://registry.npmjs.org/sse/-/sse-0.0.8.tgz",
            "integrity": "sha512-cviG7JH31TUhZeaEVhac3zTzA+2FwA7qvHziAHpb7mC7RNVJ/RbHN+6LIGsS2ugP4o2H15DWmrSMK+91CboIcg==",
            "dependencies": {
                "options": "0.0.6"
            },
            "engines": {
                "node": ">=0.4.0"
            }
        },
        "node_modules/typescript": {
            "version": "4.6.3",
            "resolved": "https://registry.npmjs.org/typescript/-/typescript-4.6.3.tgz",
            "integrity": "sha512-yNIatDa5iaofVozS/uQJEl3JRWLKKGJKh6Yaiv0GLGSuhpFJe7P3SbHZ8/yjAHRQwKRoA6YZqlfjXWmVzoVSMw==",
            "bin": {
                "tsc": "bin/tsc",
                "tsserver": "bin/tsserver"
            },
            "engines": {
                "node": ">=4.2.0"
            }
        }
    },
    "dependencies": {
        "@tsconfig/esm": {
            "version": "1.0.0",
            "resolved": "https://registry.npmjs.org/@tsconfig/esm/-/esm-1.0.0.tgz",
            "integrity": "sha512-vrMQ/cCJ4YBj1iAdbh4Pmaw2aEdwwyjhM8KA9wOjHsm+aPvCnV2/rYY6zzpOW6UuYrrmZBRjIO75/X+e0CXZ5w==",
            "dev": true
        },
        "@types/jquery": {
            "version": "3.5.14",
            "resolved": "https://registry.npmjs.org/@types/jquery/-/jquery-3.5.14.tgz",
            "integrity": "sha512-X1gtMRMbziVQkErhTQmSe2jFwwENA/Zr+PprCkF63vFq+Yt5PZ4AlKqgmeNlwgn7dhsXEK888eIW2520EpC+xg==",
            "dev": true,
            "requires": {
                "@types/sizzle": "*"
            }
        },
        "@types/sizzle": {
            "version": "2.3.3",
            "resolved": "https://registry.npmjs.org/@types/sizzle/-/sizzle-2.3.3.tgz",
            "integrity": "sha512-JYM8x9EGF163bEyhdJBpR2QX1R5naCJHC8ucJylJ3w9/CVBaskdQ8WqBf8MmQrd1kRvp/a4TS8HJ+bxzR7ZJYQ==",
            "dev": true
        },
        "idb": {
            "version": "7.0.1",
            "resolved": "https://registry.npmjs.org/idb/-/idb-7.0.1.tgz",
            "integrity": "sha512-UUxlE7vGWK5RfB/fDwEGgRf84DY/ieqNha6msMV99UsEMQhJ1RwbCd8AYBj3QMgnE3VZnfQvm4oKVCJTYlqIgg=="
        },
        "jquery": {
            "version": "3.6.0",
            "resolved": "https://registry.npmjs.org/jquery/-/jquery-3.6.0.tgz",
            "integrity": "sha512-JVzAR/AjBvVt2BmYhxRCSYysDsPcssdmTFnzyLEts9qNwmjmu4JTAMYubEfwVOSwpQ1I1sKKFcxhZCI2buerfw=="
        },
        "options": {
            "version": "0.0.6",
            "resolved": "https://registry.npmjs.org/options/-/options-0.0.6.tgz",
            "integrity": "sha1-7CLTEoBrtT5zF3Pnza788cZDEo8="
        },
        "requirejs": {
            "version": "2.3.6",
            "resolved": "https://registry.npmjs.org/requirejs/-/requirejs-2.3.6.tgz",
            "integrity": "sha512-ipEzlWQe6RK3jkzikgCupiTbTvm4S0/CAU5GlgptkN5SO6F3u0UD0K18wy6ErDqiCyP4J4YYe1HuAShvsxePLg=="
        },
        "sse": {
            "version": "0.0.8",
            "resolved": "https://registry.npmjs.org/sse/-/sse-0.0.8.tgz",
            "integrity": "sha512-cviG7JH31TUhZeaEVhac3zTzA+2FwA7qvHziAHpb7mC7RNVJ/RbHN+6LIGsS2ugP4o2H15DWmrSMK+91CboIcg==",
            "requires": {
                "options": "0.0.6"
            }
        },
        "typescript": {
            "version": "4.6.3",
            "resolved": "https://registry.npmjs.org/typescript/-/typescript-4.6.3.tgz",
            "integrity": "sha512-yNIatDa5iaofVozS/uQJEl3JRWLKKGJKh6Yaiv0GLGSuhpFJe7P3SbHZ8/yjAHRQwKRoA6YZqlfjXWmVzoVSMw=="
        }
    }
}
